
Microsoft Visual Studio Solution File, Format Version 12.00
# Visual Studio Version 16
VisualStudioVersion = 16.0.30523.141
MinimumVisualStudioVersion = 10.0.40219.1
Project("{FAE04EC0-301F-11D3-BF4B-00C04F79EFBC}") = "Sol_Demo", "Sol_Demo\Sol_Demo.csproj", "{5CA1CB45-01CE-44CA-B4F7-BAC315FFCEA3}"
EndProject
Global
	GlobalSection(SolutionConfigurationPlatforms) = preSolution
		Debug|Any CPU = Debug|Any CPU
		Release|Any CPU = Release|Any CPU
	EndGlobalSection
	GlobalSection(ProjectConfigurationPlatforms) = postSolution
		{5CA1CB45-01CE-44CA-B4F7-BAC315FFCEA3}.Debug|Any CPU.ActiveCfg = Debug|Any CPU
		{5CA1CB45-01CE-44CA-B4F7-BAC315FFCEA3}.Debug|Any CPU.Build.0 = Debug|Any CPU
		{5CA1CB45-01CE-44CA-B4F7-BAC315FFCEA3}.Release|Any CPU.ActiveCfg = Release|Any CPU
		{5CA1CB45-01CE-44CA-B4F7-BAC315FFCEA3}.Release|Any CPU.Build.0 = Release|Any CPU
	EndGlobalSection
	GlobalSection(SolutionProperties) = preSolution
		HideSolutionNode = FALSE
	EndGlobalSection
	GlobalSection(ExtensibilityGlobals) = postSolution
		SolutionGuid = {345EFABB-5759-4F6F-9069-690F270FB925}
	EndGlobalSection
EndGlobal
